
Microsoft Visual Studio Solution File, Format Version 12.00
# Visual Studio Version 16
VisualStudioVersion = 16.0.31313.79
MinimumVisualStudioVersion = 10.0.40219.1
Project("{9A19103F-16F7-4668-BE54-9A1E7A4F7556}") = "Soccer", "Soccer\Soccer.csproj", "{D260AB51-0F7C-464A-9ECD-C4C5554824DA}"
EndProject
Project("{9A19103F-16F7-4668-BE54-9A1E7A4F7556}") = "Soccer.Logic", "Soccer.Logic\Soccer.Logic.csproj", "{413B6345-F7AA-4688-B9EA-86D35B951847}"
EndProject
Project("{FAE04EC0-301F-11D3-BF4B-00C04F79EFBC}") = "Soccesr.Logic.Tests", "Soccesr.Logic.Tests\Soccesr.Logic.Tests.csproj", "{BACBAD6F-CB27-4A42-BC4A-AF9B6CC36032}"
EndProject
Global
	GlobalSection(SolutionConfigurationPlatforms) = preSolution
		Debug|Any CPU = Debug|Any CPU
		Release|Any CPU = Release|Any CPU
	EndGlobalSection
	GlobalSection(ProjectConfigurationPlatforms) = postSolution
		{D260AB51-0F7C-464A-9ECD-C4C5554824DA}.Debug|Any CPU.ActiveCfg = Debug|Any CPU
		{D260AB51-0F7C-464A-9ECD-C4C5554824DA}.Debug|Any CPU.Build.0 = Debug|Any CPU
		{D260AB51-0F7C-464A-9ECD-C4C5554824DA}.Release|Any CPU.ActiveCfg = Release|Any CPU
		{D260AB51-0F7C-464A-9ECD-C4C5554824DA}.Release|Any CPU.Build.0 = Release|Any CPU
		{413B6345-F7AA-4688-B9EA-86D35B951847}.Debug|Any CPU.ActiveCfg = Debug|Any CPU
		{413B6345-F7AA-4688-B9EA-86D35B951847}.Debug|Any CPU.Build.0 = Debug|Any CPU
		{413B6345-F7AA-4688-B9EA-86D35B951847}.Release|Any CPU.ActiveCfg = Release|Any CPU
		{413B6345-F7AA-4688-B9EA-86D35B951847}.Release|Any CPU.Build.0 = Release|Any CPU
		{BACBAD6F-CB27-4A42-BC4A-AF9B6CC36032}.Debug|Any CPU.ActiveCfg = Debug|Any CPU
		{BACBAD6F-CB27-4A42-BC4A-AF9B6CC36032}.Debug|Any CPU.Build.0 = Debug|Any CPU
		{BACBAD6F-CB27-4A42-BC4A-AF9B6CC36032}.Release|Any CPU.ActiveCfg = Release|Any CPU
		{BACBAD6F-CB27-4A42-BC4A-AF9B6CC36032}.Release|Any CPU.Build.0 = Release|Any CPU
	EndGlobalSection
	GlobalSection(SolutionProperties) = preSolution
		HideSolutionNode = FALSE
	EndGlobalSection
	GlobalSection(ExtensibilityGlobals) = postSolution
		SolutionGuid = {12801B2E-6375-4BCA-9738-8CC421966220}
	EndGlobalSection
EndGlobal
